
Microsoft Visual Studio Solution File, Format Version 12.00
# Visual Studio Version 16
VisualStudioVersion = 16.0.30128.74
MinimumVisualStudioVersion = 10.0.40219.1
Project("{FAE04EC0-301F-11D3-BF4B-00C04F79EFBC}") = "ReservationProcessor", "ReservationProcessor\ReservationProcessor.csproj", "{66E53452-8BEE-49EA-BDFF-D727AB2F18C4}"
EndProject
Project("{9A19103F-16F7-4668-BE54-9A1E7A4F7556}") = "RabbitMqUtils", "bes200-rabbitmqutils\RabbitMqUtils.csproj", "{83B5B8B2-DFC7-40EB-BD99-D728E666F585}"
EndProject
Global
	GlobalSection(SolutionConfigurationPlatforms) = preSolution
		Debug|Any CPU = Debug|Any CPU
		Release|Any CPU = Release|Any CPU
	EndGlobalSection
	GlobalSection(ProjectConfigurationPlatforms) = postSolution
		{66E53452-8BEE-49EA-BDFF-D727AB2F18C4}.Debug|Any CPU.ActiveCfg = Debug|Any CPU
		{66E53452-8BEE-49EA-BDFF-D727AB2F18C4}.Debug|Any CPU.Build.0 = Debug|Any CPU
		{66E53452-8BEE-49EA-BDFF-D727AB2F18C4}.Release|Any CPU.ActiveCfg = Release|Any CPU
		{66E53452-8BEE-49EA-BDFF-D727AB2F18C4}.Release|Any CPU.Build.0 = Release|Any CPU
		{83B5B8B2-DFC7-40EB-BD99-D728E666F585}.Debug|Any CPU.ActiveCfg = Debug|Any CPU
		{83B5B8B2-DFC7-40EB-BD99-D728E666F585}.Debug|Any CPU.Build.0 = Debug|Any CPU
		{83B5B8B2-DFC7-40EB-BD99-D728E666F585}.Release|Any CPU.ActiveCfg = Release|Any CPU
		{83B5B8B2-DFC7-40EB-BD99-D728E666F585}.Release|Any CPU.Build.0 = Release|Any CPU
	EndGlobalSection
	GlobalSection(SolutionProperties) = preSolution
		HideSolutionNode = FALSE
	EndGlobalSection
	GlobalSection(ExtensibilityGlobals) = postSolution
		SolutionGuid = {02B81497-6637-4540-902D-146A5B3E499C}
	EndGlobalSection
EndGlobal
